
Microsoft Visual Studio Solution File, Format Version 12.00
# Visual Studio 2012
Project("{FAE04EC0-301F-11D3-BF4B-00C04F79EFBC}") = "HelloiOS", "HelloiOS.csproj", "{5135C379-02C3-4302-B44E-46555BB0F723}"
EndProject
Global
	GlobalSection(SolutionConfigurationPlatforms) = preSolution
		Debug|iPhoneSimulator = Debug|iPhoneSimulator
		Release|iPhone = Release|iPhone
		Release|iPhoneSimulator = Release|iPhoneSimulator
		Debug|iPhone = Debug|iPhone
	EndGlobalSection
	GlobalSection(ProjectConfigurationPlatforms) = postSolution
		{5135C379-02C3-4302-B44E-46555BB0F723}.Debug|iPhoneSimulator.ActiveCfg = Debug|iPhoneSimulator
		{5135C379-02C3-4302-B44E-46555BB0F723}.Debug|iPhoneSimulator.Build.0 = Debug|iPhoneSimulator
		{5135C379-02C3-4302-B44E-46555BB0F723}.Release|iPhone.ActiveCfg = Release|iPhone
		{5135C379-02C3-4302-B44E-46555BB0F723}.Release|iPhone.Build.0 = Release|iPhone
		{5135C379-02C3-4302-B44E-46555BB0F723}.Release|iPhoneSimulator.ActiveCfg = Release|iPhoneSimulator
		{5135C379-02C3-4302-B44E-46555BB0F723}.Release|iPhoneSimulator.Build.0 = Release|iPhoneSimulator
		{5135C379-02C3-4302-B44E-46555BB0F723}.Debug|iPhone.ActiveCfg = Debug|iPhone
		{5135C379-02C3-4302-B44E-46555BB0F723}.Debug|iPhone.Build.0 = Debug|iPhone
	EndGlobalSection
EndGlobal
